
Microsoft Visual Studio Solution File, Format Version 12.00
# Visual Studio 15
VisualStudioVersion = 15.0.27004.2006
MinimumVisualStudioVersion = 10.0.40219.1
Project("{FAE04EC0-301F-11D3-BF4B-00C04F79EFBC}") = "CarOODemo", "CarOODemo\CarOODemo.csproj", "{D87BB020-8DBF-4C3C-8720-95D99FED7431}"
EndProject
Global
	GlobalSection(SolutionConfigurationPlatforms) = preSolution
		Debug|Any CPU = Debug|Any CPU
		Release|Any CPU = Release|Any CPU
	EndGlobalSection
	GlobalSection(ProjectConfigurationPlatforms) = postSolution
		{D87BB020-8DBF-4C3C-8720-95D99FED7431}.Debug|Any CPU.ActiveCfg = Debug|Any CPU
		{D87BB020-8DBF-4C3C-8720-95D99FED7431}.Debug|Any CPU.Build.0 = Debug|Any CPU
		{D87BB020-8DBF-4C3C-8720-95D99FED7431}.Release|Any CPU.ActiveCfg = Release|Any CPU
		{D87BB020-8DBF-4C3C-8720-95D99FED7431}.Release|Any CPU.Build.0 = Release|Any CPU
	EndGlobalSection
	GlobalSection(SolutionProperties) = preSolution
		HideSolutionNode = FALSE
	EndGlobalSection
	GlobalSection(ExtensibilityGlobals) = postSolution
		SolutionGuid = {5B8F2A3D-A9B7-4EBA-B336-4A692E90657D}
	EndGlobalSection
EndGlobal
