
Microsoft Visual Studio Solution File, Format Version 12.00
# Visual Studio 15
VisualStudioVersion = 15.0.27004.2006
MinimumVisualStudioVersion = 10.0.40219.1
Project("{FAE04EC0-301F-11D3-BF4B-00C04F79EFBC}") = "LiveCodeClass2", "LiveCodeClass2\LiveCodeClass2.csproj", "{7254D630-F252-4E24-9F1E-95B338F427A7}"
EndProject
Global
	GlobalSection(SolutionConfigurationPlatforms) = preSolution
		Debug|Any CPU = Debug|Any CPU
		Release|Any CPU = Release|Any CPU
	EndGlobalSection
	GlobalSection(ProjectConfigurationPlatforms) = postSolution
		{7254D630-F252-4E24-9F1E-95B338F427A7}.Debug|Any CPU.ActiveCfg = Debug|Any CPU
		{7254D630-F252-4E24-9F1E-95B338F427A7}.Debug|Any CPU.Build.0 = Debug|Any CPU
		{7254D630-F252-4E24-9F1E-95B338F427A7}.Release|Any CPU.ActiveCfg = Release|Any CPU
		{7254D630-F252-4E24-9F1E-95B338F427A7}.Release|Any CPU.Build.0 = Release|Any CPU
	EndGlobalSection
	GlobalSection(SolutionProperties) = preSolution
		HideSolutionNode = FALSE
	EndGlobalSection
	GlobalSection(ExtensibilityGlobals) = postSolution
		SolutionGuid = {ECCCDADF-36AD-4A84-A34A-F45283B4BE4D}
	EndGlobalSection
EndGlobal
